
Microsoft Visual Studio Solution File, Format Version 12.00
Project("{FAE04EC0-301F-11D3-BF4B-00C04F79EFBC}") = "UserService", "UserService\UserService.csproj", "{295FBDDE-9C8E-4E52-9073-00DAF9108EA5}"
EndProject
Global
	GlobalSection(SolutionConfigurationPlatforms) = preSolution
		Debug|Any CPU = Debug|Any CPU
		Release|Any CPU = Release|Any CPU
	EndGlobalSection
	GlobalSection(ProjectConfigurationPlatforms) = postSolution
		{295FBDDE-9C8E-4E52-9073-00DAF9108EA5}.Debug|Any CPU.ActiveCfg = Debug|Any CPU
		{295FBDDE-9C8E-4E52-9073-00DAF9108EA5}.Debug|Any CPU.Build.0 = Debug|Any CPU
		{295FBDDE-9C8E-4E52-9073-00DAF9108EA5}.Release|Any CPU.ActiveCfg = Release|Any CPU
		{295FBDDE-9C8E-4E52-9073-00DAF9108EA5}.Release|Any CPU.Build.0 = Release|Any CPU
	EndGlobalSection
EndGlobal
